
Microsoft Visual Studio Solution File, Format Version 12.00
# Visual Studio Version 16
VisualStudioVersion = 16.0.30204.135
MinimumVisualStudioVersion = 10.0.40219.1
Project("{9A19103F-16F7-4668-BE54-9A1E7A4F7556}") = "Medex.Site", "Medex.Site\Medex.Site.csproj", "{608DCB00-C107-407B-8386-734F2D3D898F}"
EndProject
Project("{9A19103F-16F7-4668-BE54-9A1E7A4F7556}") = "Medex.Persistence", "Medex.Persistence\Medex.Persistence.csproj", "{50BE1E1E-1D80-41FE-8947-38716B84698A}"
EndProject
Project("{9A19103F-16F7-4668-BE54-9A1E7A4F7556}") = "Medex.Domains", "Medex.Domains\Medex.Domains.csproj", "{CBC14A7C-F00B-42E4-9D91-02894002C8B4}"
EndProject
Project("{9A19103F-16F7-4668-BE54-9A1E7A4F7556}") = "Medex.Data", "Medex.Data\Medex.Data.csproj", "{251394F8-D626-4C06-8EAC-780C86A5691E}"
EndProject
Project("{9A19103F-16F7-4668-BE54-9A1E7A4F7556}") = "Medex.Abstractions", "Medex.Abstractions\Medex.Abstractions.csproj", "{C05A426A-119C-4D31-AC2B-69925AB85ACE}"
EndProject
Project("{9A19103F-16F7-4668-BE54-9A1E7A4F7556}") = "Medex.Service", "Medex.Service\Medex.Service.csproj", "{C338E649-5410-4EBD-A4A7-9612E3B18A53}"
EndProject
Global
	GlobalSection(SolutionConfigurationPlatforms) = preSolution
		Debug|Any CPU = Debug|Any CPU
		Release|Any CPU = Release|Any CPU
	EndGlobalSection
	GlobalSection(ProjectConfigurationPlatforms) = postSolution
		{608DCB00-C107-407B-8386-734F2D3D898F}.Debug|Any CPU.ActiveCfg = Debug|Any CPU
		{608DCB00-C107-407B-8386-734F2D3D898F}.Debug|Any CPU.Build.0 = Debug|Any CPU
		{608DCB00-C107-407B-8386-734F2D3D898F}.Release|Any CPU.ActiveCfg = Release|Any CPU
		{608DCB00-C107-407B-8386-734F2D3D898F}.Release|Any CPU.Build.0 = Release|Any CPU
		{50BE1E1E-1D80-41FE-8947-38716B84698A}.Debug|Any CPU.ActiveCfg = Debug|Any CPU
		{50BE1E1E-1D80-41FE-8947-38716B84698A}.Debug|Any CPU.Build.0 = Debug|Any CPU
		{50BE1E1E-1D80-41FE-8947-38716B84698A}.Release|Any CPU.ActiveCfg = Release|Any CPU
		{50BE1E1E-1D80-41FE-8947-38716B84698A}.Release|Any CPU.Build.0 = Release|Any CPU
		{CBC14A7C-F00B-42E4-9D91-02894002C8B4}.Debug|Any CPU.ActiveCfg = Debug|Any CPU
		{CBC14A7C-F00B-42E4-9D91-02894002C8B4}.Debug|Any CPU.Build.0 = Debug|Any CPU
		{CBC14A7C-F00B-42E4-9D91-02894002C8B4}.Release|Any CPU.ActiveCfg = Release|Any CPU
		{CBC14A7C-F00B-42E4-9D91-02894002C8B4}.Release|Any CPU.Build.0 = Release|Any CPU
		{251394F8-D626-4C06-8EAC-780C86A5691E}.Debug|Any CPU.ActiveCfg = Debug|Any CPU
		{251394F8-D626-4C06-8EAC-780C86A5691E}.Debug|Any CPU.Build.0 = Debug|Any CPU
		{251394F8-D626-4C06-8EAC-780C86A5691E}.Release|Any CPU.ActiveCfg = Release|Any CPU
		{251394F8-D626-4C06-8EAC-780C86A5691E}.Release|Any CPU.Build.0 = Release|Any CPU
		{C05A426A-119C-4D31-AC2B-69925AB85ACE}.Debug|Any CPU.ActiveCfg = Debug|Any CPU
		{C05A426A-119C-4D31-AC2B-69925AB85ACE}.Debug|Any CPU.Build.0 = Debug|Any CPU
		{C05A426A-119C-4D31-AC2B-69925AB85ACE}.Release|Any CPU.ActiveCfg = Release|Any CPU
		{C05A426A-119C-4D31-AC2B-69925AB85ACE}.Release|Any CPU.Build.0 = Release|Any CPU
		{C338E649-5410-4EBD-A4A7-9612E3B18A53}.Debug|Any CPU.ActiveCfg = Debug|Any CPU
		{C338E649-5410-4EBD-A4A7-9612E3B18A53}.Debug|Any CPU.Build.0 = Debug|Any CPU
		{C338E649-5410-4EBD-A4A7-9612E3B18A53}.Release|Any CPU.ActiveCfg = Release|Any CPU
		{C338E649-5410-4EBD-A4A7-9612E3B18A53}.Release|Any CPU.Build.0 = Release|Any CPU
	EndGlobalSection
	GlobalSection(SolutionProperties) = preSolution
		HideSolutionNode = FALSE
	EndGlobalSection
	GlobalSection(ExtensibilityGlobals) = postSolution
		SolutionGuid = {50587BE7-9939-443D-8E40-E52175593129}
	EndGlobalSection
EndGlobal
